
Microsoft Visual Studio Solution File, Format Version 12.00
# Visual Studio Version 16
VisualStudioVersion = 16.0.29025.244
MinimumVisualStudioVersion = 10.0.40219.1
Project("{FAE04EC0-301F-11D3-BF4B-00C04F79EFBC}") = "L01_SortByNameAndAge", "L01_SortByNameAndAge\L01_SortByNameAndAge.csproj", "{DC01AB64-8B76-456A-AF1A-6F3BD25B85B4}"
EndProject
Project("{FAE04EC0-301F-11D3-BF4B-00C04F79EFBC}") = "P01_ClassBox", "P01_ClassBox\P01_ClassBox.csproj", "{8BD81076-8AB8-4C7D-A95F-544EFF996CB4}"
EndProject
Project("{9A19103F-16F7-4668-BE54-9A1E7A4F7556}") = "AnimalFarm", "AnimalFarm\AnimalFarm.csproj", "{DEE8A4D0-8A08-48DE-8E87-F992323B7111}"
EndProject
Project("{FAE04EC0-301F-11D3-BF4B-00C04F79EFBC}") = "ShoppingSpree", "ShoppingSpree\ShoppingSpree.csproj", "{B67A60D6-792E-4D07-85E5-48A3811BC628}"
EndProject
Project("{FAE04EC0-301F-11D3-BF4B-00C04F79EFBC}") = "PizzaCalories", "PizzaCalories\PizzaCalories.csproj", "{BBBC5EC2-C6FE-4D54-9E17-7AC95B487D24}"
EndProject
Global
	GlobalSection(SolutionConfigurationPlatforms) = preSolution
		Debug|Any CPU = Debug|Any CPU
		Release|Any CPU = Release|Any CPU
	EndGlobalSection
	GlobalSection(ProjectConfigurationPlatforms) = postSolution
		{DC01AB64-8B76-456A-AF1A-6F3BD25B85B4}.Debug|Any CPU.ActiveCfg = Debug|Any CPU
		{DC01AB64-8B76-456A-AF1A-6F3BD25B85B4}.Debug|Any CPU.Build.0 = Debug|Any CPU
		{DC01AB64-8B76-456A-AF1A-6F3BD25B85B4}.Release|Any CPU.ActiveCfg = Release|Any CPU
		{DC01AB64-8B76-456A-AF1A-6F3BD25B85B4}.Release|Any CPU.Build.0 = Release|Any CPU
		{8BD81076-8AB8-4C7D-A95F-544EFF996CB4}.Debug|Any CPU.ActiveCfg = Debug|Any CPU
		{8BD81076-8AB8-4C7D-A95F-544EFF996CB4}.Debug|Any CPU.Build.0 = Debug|Any CPU
		{8BD81076-8AB8-4C7D-A95F-544EFF996CB4}.Release|Any CPU.ActiveCfg = Release|Any CPU
		{8BD81076-8AB8-4C7D-A95F-544EFF996CB4}.Release|Any CPU.Build.0 = Release|Any CPU
		{DEE8A4D0-8A08-48DE-8E87-F992323B7111}.Debug|Any CPU.ActiveCfg = Debug|Any CPU
		{DEE8A4D0-8A08-48DE-8E87-F992323B7111}.Debug|Any CPU.Build.0 = Debug|Any CPU
		{DEE8A4D0-8A08-48DE-8E87-F992323B7111}.Release|Any CPU.ActiveCfg = Release|Any CPU
		{DEE8A4D0-8A08-48DE-8E87-F992323B7111}.Release|Any CPU.Build.0 = Release|Any CPU
		{B67A60D6-792E-4D07-85E5-48A3811BC628}.Debug|Any CPU.ActiveCfg = Debug|Any CPU
		{B67A60D6-792E-4D07-85E5-48A3811BC628}.Debug|Any CPU.Build.0 = Debug|Any CPU
		{B67A60D6-792E-4D07-85E5-48A3811BC628}.Release|Any CPU.ActiveCfg = Release|Any CPU
		{B67A60D6-792E-4D07-85E5-48A3811BC628}.Release|Any CPU.Build.0 = Release|Any CPU
		{BBBC5EC2-C6FE-4D54-9E17-7AC95B487D24}.Debug|Any CPU.ActiveCfg = Debug|Any CPU
		{BBBC5EC2-C6FE-4D54-9E17-7AC95B487D24}.Debug|Any CPU.Build.0 = Debug|Any CPU
		{BBBC5EC2-C6FE-4D54-9E17-7AC95B487D24}.Release|Any CPU.ActiveCfg = Release|Any CPU
		{BBBC5EC2-C6FE-4D54-9E17-7AC95B487D24}.Release|Any CPU.Build.0 = Release|Any CPU
	EndGlobalSection
	GlobalSection(SolutionProperties) = preSolution
		HideSolutionNode = FALSE
	EndGlobalSection
	GlobalSection(ExtensibilityGlobals) = postSolution
		SolutionGuid = {E6A10621-561E-4E2C-933C-9368BBF5D732}
	EndGlobalSection
EndGlobal
